// !$*UTF8*$!
{
	archiveVersion = 1;
	classes = {
	};
	objectVersion = 56;
	objects = {

/* Begin PBXBuildFile section */
		221EB7C02ADA2390005044AF /* FollowerCell.swift in Sources */ = {isa = PBXBuildFile; fileRef = 221EB7BF2ADA2390005044AF /* FollowerCell.swift */; };
		221EB7C42ADA245D005044AF /* Reusable.swift in Sources */ = {isa = PBXBuildFile; fileRef = 221EB7C32ADA245D005044AF /* Reusable.swift */; };
		221EB7C62ADA247D005044AF /* Reusable+.swift in Sources */ = {isa = PBXBuildFile; fileRef = 221EB7C52ADA247D005044AF /* Reusable+.swift */; };
		221EB7C82ADA2D3E005044AF /* GFAvatarImageView.swift in Sources */ = {isa = PBXBuildFile; fileRef = 221EB7C72ADA2D3E005044AF /* GFAvatarImageView.swift */; };
		CD029E092AD01416003D5FBD /* GFBodyLabel.swift in Sources */ = {isa = PBXBuildFile; fileRef = CD029E082AD01416003D5FBD /* GFBodyLabel.swift */; };
		CD029E0D2AD01715003D5FBD /* GFAlertViewController.swift in Sources */ = {isa = PBXBuildFile; fileRef = CD029E0C2AD01715003D5FBD /* GFAlertViewController.swift */; };
		CD029E0F2AD0B48B003D5FBD /* BackgroundColor.swift in Sources */ = {isa = PBXBuildFile; fileRef = CD029E0E2AD0B48B003D5FBD /* BackgroundColor.swift */; };
		CD029E112AD0B6E5003D5FBD /* GFContainerView.swift in Sources */ = {isa = PBXBuildFile; fileRef = CD029E102AD0B6E5003D5FBD /* GFContainerView.swift */; };
		CD029E132AD0B86A003D5FBD /* BorderColor.swift in Sources */ = {isa = PBXBuildFile; fileRef = CD029E122AD0B86A003D5FBD /* BorderColor.swift */; };
		CD029E152AD0BBC5003D5FBD /* AlertErrorMessage.swift in Sources */ = {isa = PBXBuildFile; fileRef = CD029E142AD0BBC5003D5FBD /* AlertErrorMessage.swift */; };
		CD029E182AD0C485003D5FBD /* UIViewController+.swift in Sources */ = {isa = PBXBuildFile; fileRef = CD029E172AD0C485003D5FBD /* UIViewController+.swift */; };
		CD1C829D2ADAA9A500F6DB50 /* Section.swift in Sources */ = {isa = PBXBuildFile; fileRef = CD1C829C2ADAA9A500F6DB50 /* Section.swift */; };
		CD1C829F2ADB4B9D00F6DB50 /* UICollectionViewFlowLayout+.swift in Sources */ = {isa = PBXBuildFile; fileRef = CD1C829E2ADB4B9D00F6DB50 /* UICollectionViewFlowLayout+.swift */; };
		CD1C82A42ADB645700F6DB50 /* Downloadable.swift in Sources */ = {isa = PBXBuildFile; fileRef = CD1C82A32ADB645700F6DB50 /* Downloadable.swift */; };
		CD1C82A62ADB64E200F6DB50 /* DownloadImageManager.swift in Sources */ = {isa = PBXBuildFile; fileRef = CD1C82A52ADB64E200F6DB50 /* DownloadImageManager.swift */; };
		CD1C82A82ADB7CFC00F6DB50 /* ImageCacheManager.swift in Sources */ = {isa = PBXBuildFile; fileRef = CD1C82A72ADB7CFC00F6DB50 /* ImageCacheManager.swift */; };
		CD1C82B12ADC870100F6DB50 /* GFEmptyStateView.swift in Sources */ = {isa = PBXBuildFile; fileRef = CD1C82B02ADC870100F6DB50 /* GFEmptyStateView.swift */; };
		CD1C82B62ADC8AA700F6DB50 /* ImageCacheable.swift in Sources */ = {isa = PBXBuildFile; fileRef = CD1C82B52ADC8AA700F6DB50 /* ImageCacheable.swift */; };
		CD1F019E2ACBD1DF00AE88DA /* AppDelegate.swift in Sources */ = {isa = PBXBuildFile; fileRef = CD1F019D2ACBD1DF00AE88DA /* AppDelegate.swift */; };
		CD1F01A02ACBD1DF00AE88DA /* SceneDelegate.swift in Sources */ = {isa = PBXBuildFile; fileRef = CD1F019F2ACBD1DF00AE88DA /* SceneDelegate.swift */; };
		CD1F01A72ACBD1E000AE88DA /* Assets.xcassets in Resources */ = {isa = PBXBuildFile; fileRef = CD1F01A62ACBD1E000AE88DA /* Assets.xcassets */; };
		CD1F01AA2ACBD1E000AE88DA /* LaunchScreen.storyboard in Resources */ = {isa = PBXBuildFile; fileRef = CD1F01A82ACBD1E000AE88DA /* LaunchScreen.storyboard */; };
		CD1F01B22ACBD97900AE88DA /* SearchViewController.swift in Sources */ = {isa = PBXBuildFile; fileRef = CD1F01B12ACBD97900AE88DA /* SearchViewController.swift */; };
		CD1F01B42ACBD9B700AE88DA /* FavoriteListViewController.swift in Sources */ = {isa = PBXBuildFile; fileRef = CD1F01B32ACBD9B700AE88DA /* FavoriteListViewController.swift */; };
		CD1F01B62ACBDBD300AE88DA /* UINavigationController+.swift in Sources */ = {isa = PBXBuildFile; fileRef = CD1F01B52ACBDBD300AE88DA /* UINavigationController+.swift */; };
		CD1F01B82ACBDE9700AE88DA /* UITabBarController+.swift in Sources */ = {isa = PBXBuildFile; fileRef = CD1F01B72ACBDE9700AE88DA /* UITabBarController+.swift */; };
		CD1F01BA2ACBE7EF00AE88DA /* GFButton.swift in Sources */ = {isa = PBXBuildFile; fileRef = CD1F01B92ACBE7EF00AE88DA /* GFButton.swift */; };
		CD1F01BC2ACBE9C900AE88DA /* GFTextField.swift in Sources */ = {isa = PBXBuildFile; fileRef = CD1F01BB2ACBE9C900AE88DA /* GFTextField.swift */; };
		CD1F01BE2ACCE6F300AE88DA /* AssetImages.swift in Sources */ = {isa = PBXBuildFile; fileRef = CD1F01BD2ACCE6F300AE88DA /* AssetImages.swift */; };
		CD2D291F2AD1269500D7B09E /* Follower.swift in Sources */ = {isa = PBXBuildFile; fileRef = CD2D291E2AD1269500D7B09E /* Follower.swift */; };
		CD2D29212AD127E500D7B09E /* User.swift in Sources */ = {isa = PBXBuildFile; fileRef = CD2D29202AD127E500D7B09E /* User.swift */; };
		CD742FDD2ACE0F49005681AD /* FollowerListViewController.swift in Sources */ = {isa = PBXBuildFile; fileRef = CD742FDC2ACE0F49005681AD /* FollowerListViewController.swift */; };
		CD742FDF2ACE1D9F005681AD /* UINavigationBar+.swift in Sources */ = {isa = PBXBuildFile; fileRef = CD742FDE2ACE1D9F005681AD /* UINavigationBar+.swift */; };
		CD742FE62ACE2C48005681AD /* GFTitleLabel.swift in Sources */ = {isa = PBXBuildFile; fileRef = CD742FE52ACE2C48005681AD /* GFTitleLabel.swift */; };
		CD8434812AD97982006502C0 /* Components.swift in Sources */ = {isa = PBXBuildFile; fileRef = CD8434802AD97982006502C0 /* Components.swift */; };
		CD8434832AD97BB7006502C0 /* QueryItem.swift in Sources */ = {isa = PBXBuildFile; fileRef = CD8434822AD97BB6006502C0 /* QueryItem.swift */; };
		CD8434852AD9EFFC006502C0 /* GFError.swift in Sources */ = {isa = PBXBuildFile; fileRef = CD8434842AD9EFFC006502C0 /* GFError.swift */; };
		CDA25DDC2ADCBF1800D5DED5 /* UserInformationViewController.swift in Sources */ = {isa = PBXBuildFile; fileRef = CDA25DDB2ADCBF1800D5DED5 /* UserInformationViewController.swift */; };
		CDB3C8612AD2199C001D5D3D /* NetworkManageable.swift in Sources */ = {isa = PBXBuildFile; fileRef = CDB3C8602AD2199C001D5D3D /* NetworkManageable.swift */; };
		CDB3C8632AD21A0D001D5D3D /* NetworkManager.swift in Sources */ = {isa = PBXBuildFile; fileRef = CDB3C8622AD21A0D001D5D3D /* NetworkManager.swift */; };
		CDB3C86A2AD236C9001D5D3D /* JSONDecodable.swift in Sources */ = {isa = PBXBuildFile; fileRef = CDB3C8692AD236C9001D5D3D /* JSONDecodable.swift */; };
		CDB3C86C2AD238EE001D5D3D /* JSONDecodeProtocol.swift in Sources */ = {isa = PBXBuildFile; fileRef = CDB3C86B2AD238EE001D5D3D /* JSONDecodeProtocol.swift */; };
		CDB3C86F2AD23A45001D5D3D /* DecodeError.swift in Sources */ = {isa = PBXBuildFile; fileRef = CDB3C86E2AD23A45001D5D3D /* DecodeError.swift */; };
		CDB3C8772AD23E48001D5D3D /* GithubFollowerTests.swift in Sources */ = {isa = PBXBuildFile; fileRef = CDB3C8762AD23E48001D5D3D /* GithubFollowerTests.swift */; };
		CDB3C87E2AD23ECF001D5D3D /* NetworkManagerProtocolTests.swift in Sources */ = {isa = PBXBuildFile; fileRef = CDB3C87D2AD23ECF001D5D3D /* NetworkManagerProtocolTests.swift */; };
		CDB3C8892AD28631001D5D3D /* URLSessionable.swift in Sources */ = {isa = PBXBuildFile; fileRef = CDB3C8882AD28631001D5D3D /* URLSessionable.swift */; };
		CDB3C88D2AD289B1001D5D3D /* URLSession+.swift in Sources */ = {isa = PBXBuildFile; fileRef = CDB3C88C2AD289B1001D5D3D /* URLSession+.swift */; };
		CDB3C88E2AD28AB4001D5D3D /* StubURLSession.swift in Sources */ = {isa = PBXBuildFile; fileRef = CDB3C8832AD246BF001D5D3D /* StubURLSession.swift */; };
		CDFEC91A2AD8FEF100981B4C /* GFNetworkTests.swift in Sources */ = {isa = PBXBuildFile; fileRef = CDFEC9192AD8FEF100981B4C /* GFNetworkTests.swift */; };
/* End PBXBuildFile section */

/* Begin PBXContainerItemProxy section */
		CDB3C8782AD23E48001D5D3D /* PBXContainerItemProxy */ = {
			isa = PBXContainerItemProxy;
			containerPortal = CD1F01922ACBD1DF00AE88DA /* Project object */;
			proxyType = 1;
			remoteGlobalIDString = CD1F01992ACBD1DF00AE88DA;
			remoteInfo = GithubFollower;
		};
		CDFEC91B2AD8FEF100981B4C /* PBXContainerItemProxy */ = {
			isa = PBXContainerItemProxy;
			containerPortal = CD1F01922ACBD1DF00AE88DA /* Project object */;
			proxyType = 1;
			remoteGlobalIDString = CD1F01992ACBD1DF00AE88DA;
			remoteInfo = GithubFollower;
		};
/* End PBXContainerItemProxy section */

/* Begin PBXFileReference section */
		221EB7BF2ADA2390005044AF /* FollowerCell.swift */ = {isa = PBXFileReference; lastKnownFileType = sourcecode.swift; path = FollowerCell.swift; sourceTree = "<group>"; };
		221EB7C32ADA245D005044AF /* Reusable.swift */ = {isa = PBXFileReference; lastKnownFileType = sourcecode.swift; path = Reusable.swift; sourceTree = "<group>"; };
		221EB7C52ADA247D005044AF /* Reusable+.swift */ = {isa = PBXFileReference; lastKnownFileType = sourcecode.swift; path = "Reusable+.swift"; sourceTree = "<group>"; };
		221EB7C72ADA2D3E005044AF /* GFAvatarImageView.swift */ = {isa = PBXFileReference; lastKnownFileType = sourcecode.swift; path = GFAvatarImageView.swift; sourceTree = "<group>"; };
		CD029E082AD01416003D5FBD /* GFBodyLabel.swift */ = {isa = PBXFileReference; lastKnownFileType = sourcecode.swift; path = GFBodyLabel.swift; sourceTree = "<group>"; };
		CD029E0C2AD01715003D5FBD /* GFAlertViewController.swift */ = {isa = PBXFileReference; lastKnownFileType = sourcecode.swift; path = GFAlertViewController.swift; sourceTree = "<group>"; };
		CD029E0E2AD0B48B003D5FBD /* BackgroundColor.swift */ = {isa = PBXFileReference; lastKnownFileType = sourcecode.swift; path = BackgroundColor.swift; sourceTree = "<group>"; };
		CD029E102AD0B6E5003D5FBD /* GFContainerView.swift */ = {isa = PBXFileReference; lastKnownFileType = sourcecode.swift; path = GFContainerView.swift; sourceTree = "<group>"; };
		CD029E122AD0B86A003D5FBD /* BorderColor.swift */ = {isa = PBXFileReference; lastKnownFileType = sourcecode.swift; path = BorderColor.swift; sourceTree = "<group>"; };
		CD029E142AD0BBC5003D5FBD /* AlertErrorMessage.swift */ = {isa = PBXFileReference; lastKnownFileType = sourcecode.swift; name = AlertErrorMessage.swift; path = ../Enum/AlertErrorMessage.swift; sourceTree = "<group>"; };
		CD029E172AD0C485003D5FBD /* UIViewController+.swift */ = {isa = PBXFileReference; lastKnownFileType = sourcecode.swift; path = "UIViewController+.swift"; sourceTree = "<group>"; };
		CD1C829C2ADAA9A500F6DB50 /* Section.swift */ = {isa = PBXFileReference; lastKnownFileType = sourcecode.swift; path = Section.swift; sourceTree = "<group>"; };
		CD1C829E2ADB4B9D00F6DB50 /* UICollectionViewFlowLayout+.swift */ = {isa = PBXFileReference; lastKnownFileType = sourcecode.swift; path = "UICollectionViewFlowLayout+.swift"; sourceTree = "<group>"; };
		CD1C82A32ADB645700F6DB50 /* Downloadable.swift */ = {isa = PBXFileReference; lastKnownFileType = sourcecode.swift; path = Downloadable.swift; sourceTree = "<group>"; };
		CD1C82A52ADB64E200F6DB50 /* DownloadImageManager.swift */ = {isa = PBXFileReference; lastKnownFileType = sourcecode.swift; path = DownloadImageManager.swift; sourceTree = "<group>"; };
		CD1C82A72ADB7CFC00F6DB50 /* ImageCacheManager.swift */ = {isa = PBXFileReference; lastKnownFileType = sourcecode.swift; path = ImageCacheManager.swift; sourceTree = "<group>"; };
		CD1C82B02ADC870100F6DB50 /* GFEmptyStateView.swift */ = {isa = PBXFileReference; lastKnownFileType = sourcecode.swift; path = GFEmptyStateView.swift; sourceTree = "<group>"; };
		CD1C82B52ADC8AA700F6DB50 /* ImageCacheable.swift */ = {isa = PBXFileReference; lastKnownFileType = sourcecode.swift; name = ImageCacheable.swift; path = GithubFollower/Model/Protocol/DownloadProtocol/Interface/ImageCacheable.swift; sourceTree = SOURCE_ROOT; };
		CD1F019A2ACBD1DF00AE88DA /* GithubFollower.app */ = {isa = PBXFileReference; explicitFileType = wrapper.application; includeInIndex = 0; path = GithubFollower.app; sourceTree = BUILT_PRODUCTS_DIR; };
		CD1F019D2ACBD1DF00AE88DA /* AppDelegate.swift */ = {isa = PBXFileReference; lastKnownFileType = sourcecode.swift; path = AppDelegate.swift; sourceTree = "<group>"; };
		CD1F019F2ACBD1DF00AE88DA /* SceneDelegate.swift */ = {isa = PBXFileReference; lastKnownFileType = sourcecode.swift; path = SceneDelegate.swift; sourceTree = "<group>"; };
		CD1F01A62ACBD1E000AE88DA /* Assets.xcassets */ = {isa = PBXFileReference; lastKnownFileType = folder.assetcatalog; path = Assets.xcassets; sourceTree = "<group>"; };
		CD1F01A92ACBD1E000AE88DA /* Base */ = {isa = PBXFileReference; lastKnownFileType = file.storyboard; name = Base; path = Base.lproj/LaunchScreen.storyboard; sourceTree = "<group>"; };
		CD1F01AB2ACBD1E000AE88DA /* Info.plist */ = {isa = PBXFileReference; lastKnownFileType = text.plist.xml; path = Info.plist; sourceTree = "<group>"; };
		CD1F01B12ACBD97900AE88DA /* SearchViewController.swift */ = {isa = PBXFileReference; lastKnownFileType = sourcecode.swift; path = SearchViewController.swift; sourceTree = "<group>"; };
		CD1F01B32ACBD9B700AE88DA /* FavoriteListViewController.swift */ = {isa = PBXFileReference; lastKnownFileType = sourcecode.swift; path = FavoriteListViewController.swift; sourceTree = "<group>"; };
		CD1F01B52ACBDBD300AE88DA /* UINavigationController+.swift */ = {isa = PBXFileReference; lastKnownFileType = sourcecode.swift; path = "UINavigationController+.swift"; sourceTree = "<group>"; };
		CD1F01B72ACBDE9700AE88DA /* UITabBarController+.swift */ = {isa = PBXFileReference; lastKnownFileType = sourcecode.swift; path = "UITabBarController+.swift"; sourceTree = "<group>"; };
		CD1F01B92ACBE7EF00AE88DA /* GFButton.swift */ = {isa = PBXFileReference; lastKnownFileType = sourcecode.swift; path = GFButton.swift; sourceTree = "<group>"; };
		CD1F01BB2ACBE9C900AE88DA /* GFTextField.swift */ = {isa = PBXFileReference; lastKnownFileType = sourcecode.swift; path = GFTextField.swift; sourceTree = "<group>"; };
		CD1F01BD2ACCE6F300AE88DA /* AssetImages.swift */ = {isa = PBXFileReference; lastKnownFileType = sourcecode.swift; path = AssetImages.swift; sourceTree = "<group>"; };
		CD2D291E2AD1269500D7B09E /* Follower.swift */ = {isa = PBXFileReference; lastKnownFileType = sourcecode.swift; path = Follower.swift; sourceTree = "<group>"; };
		CD2D29202AD127E500D7B09E /* User.swift */ = {isa = PBXFileReference; lastKnownFileType = sourcecode.swift; path = User.swift; sourceTree = "<group>"; };
		CD742FDC2ACE0F49005681AD /* FollowerListViewController.swift */ = {isa = PBXFileReference; lastKnownFileType = sourcecode.swift; path = FollowerListViewController.swift; sourceTree = "<group>"; };
		CD742FDE2ACE1D9F005681AD /* UINavigationBar+.swift */ = {isa = PBXFileReference; lastKnownFileType = sourcecode.swift; path = "UINavigationBar+.swift"; sourceTree = "<group>"; };
		CD742FE52ACE2C48005681AD /* GFTitleLabel.swift */ = {isa = PBXFileReference; lastKnownFileType = sourcecode.swift; path = GFTitleLabel.swift; sourceTree = "<group>"; };
		CD8434802AD97982006502C0 /* Components.swift */ = {isa = PBXFileReference; lastKnownFileType = sourcecode.swift; path = Components.swift; sourceTree = "<group>"; };
		CD8434822AD97BB6006502C0 /* QueryItem.swift */ = {isa = PBXFileReference; lastKnownFileType = sourcecode.swift; path = QueryItem.swift; sourceTree = "<group>"; };
		CD8434842AD9EFFC006502C0 /* GFError.swift */ = {isa = PBXFileReference; lastKnownFileType = sourcecode.swift; path = GFError.swift; sourceTree = "<group>"; };
		CDA25DDB2ADCBF1800D5DED5 /* UserInformationViewController.swift */ = {isa = PBXFileReference; lastKnownFileType = sourcecode.swift; path = UserInformationViewController.swift; sourceTree = "<group>"; };
		CDB3C8602AD2199C001D5D3D /* NetworkManageable.swift */ = {isa = PBXFileReference; lastKnownFileType = sourcecode.swift; path = NetworkManageable.swift; sourceTree = "<group>"; };
		CDB3C8622AD21A0D001D5D3D /* NetworkManager.swift */ = {isa = PBXFileReference; lastKnownFileType = sourcecode.swift; path = NetworkManager.swift; sourceTree = "<group>"; };
		CDB3C8692AD236C9001D5D3D /* JSONDecodable.swift */ = {isa = PBXFileReference; lastKnownFileType = sourcecode.swift; path = JSONDecodable.swift; sourceTree = "<group>"; };
		CDB3C86B2AD238EE001D5D3D /* JSONDecodeProtocol.swift */ = {isa = PBXFileReference; lastKnownFileType = sourcecode.swift; path = JSONDecodeProtocol.swift; sourceTree = "<group>"; };
		CDB3C86E2AD23A45001D5D3D /* DecodeError.swift */ = {isa = PBXFileReference; lastKnownFileType = sourcecode.swift; path = DecodeError.swift; sourceTree = "<group>"; };
		CDB3C8742AD23E48001D5D3D /* GithubFollowerTests.xctest */ = {isa = PBXFileReference; explicitFileType = wrapper.cfbundle; includeInIndex = 0; path = GithubFollowerTests.xctest; sourceTree = BUILT_PRODUCTS_DIR; };
		CDB3C8762AD23E48001D5D3D /* GithubFollowerTests.swift */ = {isa = PBXFileReference; lastKnownFileType = sourcecode.swift; path = GithubFollowerTests.swift; sourceTree = "<group>"; };
		CDB3C87D2AD23ECF001D5D3D /* NetworkManagerProtocolTests.swift */ = {isa = PBXFileReference; lastKnownFileType = sourcecode.swift; path = NetworkManagerProtocolTests.swift; sourceTree = "<group>"; };
		CDB3C8832AD246BF001D5D3D /* StubURLSession.swift */ = {isa = PBXFileReference; lastKnownFileType = sourcecode.swift; path = StubURLSession.swift; sourceTree = "<group>"; };
		CDB3C8882AD28631001D5D3D /* URLSessionable.swift */ = {isa = PBXFileReference; lastKnownFileType = sourcecode.swift; path = URLSessionable.swift; sourceTree = "<group>"; };
		CDB3C88C2AD289B1001D5D3D /* URLSession+.swift */ = {isa = PBXFileReference; lastKnownFileType = sourcecode.swift; path = "URLSession+.swift"; sourceTree = "<group>"; };
		CDFEC9172AD8FEF100981B4C /* GFNetworkTests.xctest */ = {isa = PBXFileReference; explicitFileType = wrapper.cfbundle; includeInIndex = 0; path = GFNetworkTests.xctest; sourceTree = BUILT_PRODUCTS_DIR; };
		CDFEC9192AD8FEF100981B4C /* GFNetworkTests.swift */ = {isa = PBXFileReference; lastKnownFileType = sourcecode.swift; path = GFNetworkTests.swift; sourceTree = "<group>"; };
		CDFEC9202AD901B900981B4C /* GithubFollower.xctestplan */ = {isa = PBXFileReference; lastKnownFileType = text; name = GithubFollower.xctestplan; path = ../GithubFollower.xctestplan; sourceTree = "<group>"; };
/* End PBXFileReference section */

/* Begin PBXFrameworksBuildPhase section */
		CD1F01972ACBD1DF00AE88DA /* Frameworks */ = {
			isa = PBXFrameworksBuildPhase;
			buildActionMask = 2147483647;
			files = (
			);
			runOnlyForDeploymentPostprocessing = 0;
		};
		CDB3C8712AD23E48001D5D3D /* Frameworks */ = {
			isa = PBXFrameworksBuildPhase;
			buildActionMask = 2147483647;
			files = (
			);
			runOnlyForDeploymentPostprocessing = 0;
		};
		CDFEC9142AD8FEF100981B4C /* Frameworks */ = {
			isa = PBXFrameworksBuildPhase;
			buildActionMask = 2147483647;
			files = (
			);
			runOnlyForDeploymentPostprocessing = 0;
		};
/* End PBXFrameworksBuildPhase section */

/* Begin PBXGroup section */
		221EB7BE2ADA22F1005044AF /* Cells */ = {
			isa = PBXGroup;
			children = (
				221EB7BF2ADA2390005044AF /* FollowerCell.swift */,
			);
			path = Cells;
			sourceTree = "<group>";
		};
		221EB7C12ADA242B005044AF /* ReusableProtocol */ = {
			isa = PBXGroup;
			children = (
				221EB7C22ADA2442005044AF /* Interface */,
			);
			path = ReusableProtocol;
			sourceTree = "<group>";
		};
		221EB7C22ADA2442005044AF /* Interface */ = {
			isa = PBXGroup;
			children = (
				221EB7C32ADA245D005044AF /* Reusable.swift */,
			);
			path = Interface;
			sourceTree = "<group>";
		};
		CD029E0A2AD01671003D5FBD /* Core */ = {
			isa = PBXGroup;
			children = (
				CD1F01B12ACBD97900AE88DA /* SearchViewController.swift */,
				CD742FDC2ACE0F49005681AD /* FollowerListViewController.swift */,
				CD1F01B32ACBD9B700AE88DA /* FavoriteListViewController.swift */,
				CDA25DDB2ADCBF1800D5DED5 /* UserInformationViewController.swift */,
			);
			path = Core;
			sourceTree = "<group>";
		};
		CD029E0B2AD01682003D5FBD /* Sub */ = {
			isa = PBXGroup;
			children = (
				CD029E0C2AD01715003D5FBD /* GFAlertViewController.swift */,
			);
			path = Sub;
			sourceTree = "<group>";
		};
		CD029E162AD0BC43003D5FBD /* Enum */ = {
			isa = PBXGroup;
			children = (
				CD029E0E2AD0B48B003D5FBD /* BackgroundColor.swift */,
				CD029E122AD0B86A003D5FBD /* BorderColor.swift */,
				CD1F01BD2ACCE6F300AE88DA /* AssetImages.swift */,
				CD8434802AD97982006502C0 /* Components.swift */,
				CD8434822AD97BB6006502C0 /* QueryItem.swift */,
				CD1C829C2ADAA9A500F6DB50 /* Section.swift */,
			);
			path = Enum;
			sourceTree = "<group>";
		};
		CD1C82A02ADB63E800F6DB50 /* DownloadProtocol */ = {
			isa = PBXGroup;
			children = (
				CD1C82A22ADB642D00F6DB50 /* Implementation */,
				CD1C82A12ADB642200F6DB50 /* Interface */,
			);
			path = DownloadProtocol;
			sourceTree = "<group>";
		};
		CD1C82A12ADB642200F6DB50 /* Interface */ = {
			isa = PBXGroup;
			children = (
				CD1C82A32ADB645700F6DB50 /* Downloadable.swift */,
			);
			path = Interface;
			sourceTree = "<group>";
		};
		CD1C82A22ADB642D00F6DB50 /* Implementation */ = {
			isa = PBXGroup;
			children = (
				CD1C82A52ADB64E200F6DB50 /* DownloadImageManager.swift */,
			);
			path = Implementation;
			sourceTree = "<group>";
		};
		CD1C82AB2ADC85CD00F6DB50 /* TextFields */ = {
			isa = PBXGroup;
			children = (
				CD1F01BB2ACBE9C900AE88DA /* GFTextField.swift */,
			);
			path = TextFields;
			sourceTree = "<group>";
		};
		CD1C82AC2ADC85DB00F6DB50 /* Buttons */ = {
			isa = PBXGroup;
			children = (
				CD1F01B92ACBE7EF00AE88DA /* GFButton.swift */,
			);
			path = Buttons;
			sourceTree = "<group>";
		};
		CD1C82AD2ADC85E300F6DB50 /* Labels */ = {
			isa = PBXGroup;
			children = (
				CD029E082AD01416003D5FBD /* GFBodyLabel.swift */,
				CD742FE52ACE2C48005681AD /* GFTitleLabel.swift */,
			);
			path = Labels;
			sourceTree = "<group>";
		};
		CD1C82AE2ADC85FF00F6DB50 /* ImageViews */ = {
			isa = PBXGroup;
			children = (
				221EB7C72ADA2D3E005044AF /* GFAvatarImageView.swift */,
			);
			path = ImageViews;
			sourceTree = "<group>";
		};
		CD1C82AF2ADC860C00F6DB50 /* Views */ = {
			isa = PBXGroup;
			children = (
				CD029E102AD0B6E5003D5FBD /* GFContainerView.swift */,
				CD1C82B02ADC870100F6DB50 /* GFEmptyStateView.swift */,
			);
			path = Views;
			sourceTree = "<group>";
		};
		CD1C82B22ADC8A6A00F6DB50 /* ImageCacheProtocol */ = {
			isa = PBXGroup;
			children = (
				CD1C82B42ADC8A8400F6DB50 /* Implementation */,
				CD1C82B32ADC8A7D00F6DB50 /* Interface */,
			);
			path = ImageCacheProtocol;
			sourceTree = "<group>";
		};
		CD1C82B32ADC8A7D00F6DB50 /* Interface */ = {
			isa = PBXGroup;
			children = (
				CD1C82B52ADC8AA700F6DB50 /* ImageCacheable.swift */,
			);
			path = Interface;
			sourceTree = "<group>";
		};
		CD1C82B42ADC8A8400F6DB50 /* Implementation */ = {
			isa = PBXGroup;
			children = (
				CD1C82A72ADB7CFC00F6DB50 /* ImageCacheManager.swift */,
			);
			path = Implementation;
			sourceTree = "<group>";
		};
		CD1F01912ACBD1DF00AE88DA = {
			isa = PBXGroup;
			children = (
				CDFEC9202AD901B900981B4C /* GithubFollower.xctestplan */,
				CD1F019C2ACBD1DF00AE88DA /* GithubFollower */,
				CDB3C8752AD23E48001D5D3D /* GithubFollowerTests */,
				CDFEC9182AD8FEF100981B4C /* GFNetworkTests */,
				CD1F019B2ACBD1DF00AE88DA /* Products */,
			);
			sourceTree = "<group>";
		};
		CD1F019B2ACBD1DF00AE88DA /* Products */ = {
			isa = PBXGroup;
			children = (
				CD1F019A2ACBD1DF00AE88DA /* GithubFollower.app */,
				CDB3C8742AD23E48001D5D3D /* GithubFollowerTests.xctest */,
				CDFEC9172AD8FEF100981B4C /* GFNetworkTests.xctest */,
			);
			name = Products;
			sourceTree = "<group>";
		};
		CD1F019C2ACBD1DF00AE88DA /* GithubFollower */ = {
			isa = PBXGroup;
			children = (
				CD742FE42ACE2A38005681AD /* Support */,
				CD742FE32ACE2A29005681AD /* Model */,
				CD742FE22ACE2A1A005681AD /* View */,
				CD742FE12ACE29FD005681AD /* ViewController */,
				CD742FE02ACE29E4005681AD /* Extensions */,
				CD1F01A62ACBD1E000AE88DA /* Assets.xcassets */,
				CD1F01AB2ACBD1E000AE88DA /* Info.plist */,
			);
			path = GithubFollower;
			sourceTree = "<group>";
		};
		CD2D291D2AD11EA500D7B09E /* CustomView */ = {
			isa = PBXGroup;
			children = (
				CD1C82AF2ADC860C00F6DB50 /* Views */,
				CD1C82AE2ADC85FF00F6DB50 /* ImageViews */,
				CD1C82AD2ADC85E300F6DB50 /* Labels */,
				CD1C82AC2ADC85DB00F6DB50 /* Buttons */,
				CD1C82AB2ADC85CD00F6DB50 /* TextFields */,
				221EB7BE2ADA22F1005044AF /* Cells */,
			);
			path = CustomView;
			sourceTree = "<group>";
		};
		CD5A65F82AD2180300CFC77E /* Protocol */ = {
			isa = PBXGroup;
			children = (
				CD1C82B22ADC8A6A00F6DB50 /* ImageCacheProtocol */,
				CD1C82A02ADB63E800F6DB50 /* DownloadProtocol */,
				221EB7C12ADA242B005044AF /* ReusableProtocol */,
				CDB3C8852AD2856F001D5D3D /* URLSessionProtocol */,
				CDB3C8662AD23668001D5D3D /* DecodeProtocol */,
				CD5A65F92AD2180F00CFC77E /* NetworkProtocol */,
			);
			path = Protocol;
			sourceTree = "<group>";
		};
		CD5A65F92AD2180F00CFC77E /* NetworkProtocol */ = {
			isa = PBXGroup;
			children = (
				CD5A65FB2AD2182F00CFC77E /* Implementation */,
				CD5A65FA2AD2182400CFC77E /* Interface */,
			);
			path = NetworkProtocol;
			sourceTree = "<group>";
		};
		CD5A65FA2AD2182400CFC77E /* Interface */ = {
			isa = PBXGroup;
			children = (
				CDB3C8602AD2199C001D5D3D /* NetworkManageable.swift */,
			);
			path = Interface;
			sourceTree = "<group>";
		};
		CD5A65FB2AD2182F00CFC77E /* Implementation */ = {
			isa = PBXGroup;
			children = (
				CDB3C8622AD21A0D001D5D3D /* NetworkManager.swift */,
			);
			path = Implementation;
			sourceTree = "<group>";
		};
		CD742FE02ACE29E4005681AD /* Extensions */ = {
			isa = PBXGroup;
			children = (
				CD742FDE2ACE1D9F005681AD /* UINavigationBar+.swift */,
				CD1F01B52ACBDBD300AE88DA /* UINavigationController+.swift */,
				CD1F01B72ACBDE9700AE88DA /* UITabBarController+.swift */,
				CD029E172AD0C485003D5FBD /* UIViewController+.swift */,
				CDB3C88C2AD289B1001D5D3D /* URLSession+.swift */,
				221EB7C52ADA247D005044AF /* Reusable+.swift */,
				CD1C829E2ADB4B9D00F6DB50 /* UICollectionViewFlowLayout+.swift */,
			);
			path = Extensions;
			sourceTree = "<group>";
		};
		CD742FE12ACE29FD005681AD /* ViewController */ = {
			isa = PBXGroup;
			children = (
				CD029E0A2AD01671003D5FBD /* Core */,
				CD029E0B2AD01682003D5FBD /* Sub */,
			);
			path = ViewController;
			sourceTree = "<group>";
		};
		CD742FE22ACE2A1A005681AD /* View */ = {
			isa = PBXGroup;
			children = (
				CD2D291D2AD11EA500D7B09E /* CustomView */,
				CD1F01A82ACBD1E000AE88DA /* LaunchScreen.storyboard */,
			);
			path = View;
			sourceTree = "<group>";
		};
		CD742FE32ACE2A29005681AD /* Model */ = {
			isa = PBXGroup;
			children = (
				CDB3C86D2AD239FA001D5D3D /* Error */,
				CD5A65F82AD2180300CFC77E /* Protocol */,
				CD029E162AD0BC43003D5FBD /* Enum */,
				CD2D291E2AD1269500D7B09E /* Follower.swift */,
				CD2D29202AD127E500D7B09E /* User.swift */,
			);
			path = Model;
			sourceTree = "<group>";
		};
		CD742FE42ACE2A38005681AD /* Support */ = {
			isa = PBXGroup;
			children = (
				CD1F019F2ACBD1DF00AE88DA /* SceneDelegate.swift */,
				CD1F019D2ACBD1DF00AE88DA /* AppDelegate.swift */,
			);
			path = Support;
			sourceTree = "<group>";
		};
		CDB3C8662AD23668001D5D3D /* DecodeProtocol */ = {
			isa = PBXGroup;
			children = (
				CDB3C8682AD2368F001D5D3D /* Implementation */,
				CDB3C8672AD23685001D5D3D /* Interface */,
			);
			path = DecodeProtocol;
			sourceTree = "<group>";
		};
		CDB3C8672AD23685001D5D3D /* Interface */ = {
			isa = PBXGroup;
			children = (
				CDB3C8692AD236C9001D5D3D /* JSONDecodable.swift */,
			);
			path = Interface;
			sourceTree = "<group>";
		};
		CDB3C8682AD2368F001D5D3D /* Implementation */ = {
			isa = PBXGroup;
			children = (
				CDB3C86B2AD238EE001D5D3D /* JSONDecodeProtocol.swift */,
			);
			path = Implementation;
			sourceTree = "<group>";
		};
		CDB3C86D2AD239FA001D5D3D /* Error */ = {
			isa = PBXGroup;
			children = (
				CDB3C86E2AD23A45001D5D3D /* DecodeError.swift */,
				CD029E142AD0BBC5003D5FBD /* AlertErrorMessage.swift */,
				CD8434842AD9EFFC006502C0 /* GFError.swift */,
			);
			path = Error;
			sourceTree = "<group>";
		};
		CDB3C8752AD23E48001D5D3D /* GithubFollowerTests */ = {
			isa = PBXGroup;
			children = (
				CDB3C8762AD23E48001D5D3D /* GithubFollowerTests.swift */,
				CDB3C87D2AD23ECF001D5D3D /* NetworkManagerProtocolTests.swift */,
			);
			path = GithubFollowerTests;
			sourceTree = "<group>";
		};
		CDB3C8802AD243FE001D5D3D /* TestDouble */ = {
			isa = PBXGroup;
			children = (
				CDB3C8832AD246BF001D5D3D /* StubURLSession.swift */,
			);
			path = TestDouble;
			sourceTree = "<group>";
		};
		CDB3C8852AD2856F001D5D3D /* URLSessionProtocol */ = {
			isa = PBXGroup;
			children = (
				CDB3C8872AD2858E001D5D3D /* Implementation */,
				CDB3C8862AD28584001D5D3D /* Interface */,
			);
			path = URLSessionProtocol;
			sourceTree = "<group>";
		};
		CDB3C8862AD28584001D5D3D /* Interface */ = {
			isa = PBXGroup;
			children = (
				CDB3C8882AD28631001D5D3D /* URLSessionable.swift */,
			);
			path = Interface;
			sourceTree = "<group>";
		};
		CDB3C8872AD2858E001D5D3D /* Implementation */ = {
			isa = PBXGroup;
			children = (
				CDB3C8802AD243FE001D5D3D /* TestDouble */,
			);
			path = Implementation;
			sourceTree = "<group>";
		};
		CDFEC9182AD8FEF100981B4C /* GFNetworkTests */ = {
			isa = PBXGroup;
			children = (
				CDFEC9192AD8FEF100981B4C /* GFNetworkTests.swift */,
			);
			path = GFNetworkTests;
			sourceTree = "<group>";
		};
/* End PBXGroup section */

/* Begin PBXNativeTarget section */
		CD1F01992ACBD1DF00AE88DA /* GithubFollower */ = {
			isa = PBXNativeTarget;
			buildConfigurationList = CD1F01AE2ACBD1E000AE88DA /* Build configuration list for PBXNativeTarget "GithubFollower" */;
			buildPhases = (
				CD1F01962ACBD1DF00AE88DA /* Sources */,
				CD1F01972ACBD1DF00AE88DA /* Frameworks */,
				CD1F01982ACBD1DF00AE88DA /* Resources */,
			);
			buildRules = (
			);
			dependencies = (
			);
			name = GithubFollower;
			productName = GithubFollower;
			productReference = CD1F019A2ACBD1DF00AE88DA /* GithubFollower.app */;
			productType = "com.apple.product-type.application";
		};
		CDB3C8732AD23E48001D5D3D /* GithubFollowerTests */ = {
			isa = PBXNativeTarget;
			buildConfigurationList = CDB3C87A2AD23E48001D5D3D /* Build configuration list for PBXNativeTarget "GithubFollowerTests" */;
			buildPhases = (
				CDB3C8702AD23E48001D5D3D /* Sources */,
				CDB3C8712AD23E48001D5D3D /* Frameworks */,
				CDB3C8722AD23E48001D5D3D /* Resources */,
			);
			buildRules = (
			);
			dependencies = (
				CDB3C8792AD23E48001D5D3D /* PBXTargetDependency */,
			);
			name = GithubFollowerTests;
			productName = GithubFollowerTests;
			productReference = CDB3C8742AD23E48001D5D3D /* GithubFollowerTests.xctest */;
			productType = "com.apple.product-type.bundle.unit-test";
		};
		CDFEC9162AD8FEF100981B4C /* GFNetworkTests */ = {
			isa = PBXNativeTarget;
			buildConfigurationList = CDFEC91D2AD8FEF100981B4C /* Build configuration list for PBXNativeTarget "GFNetworkTests" */;
			buildPhases = (
				CDFEC9132AD8FEF100981B4C /* Sources */,
				CDFEC9142AD8FEF100981B4C /* Frameworks */,
				CDFEC9152AD8FEF100981B4C /* Resources */,
			);
			buildRules = (
			);
			dependencies = (
				CDFEC91C2AD8FEF100981B4C /* PBXTargetDependency */,
			);
			name = GFNetworkTests;
			productName = GFNetworkTests;
			productReference = CDFEC9172AD8FEF100981B4C /* GFNetworkTests.xctest */;
			productType = "com.apple.product-type.bundle.unit-test";
		};
/* End PBXNativeTarget section */

/* Begin PBXProject section */
		CD1F01922ACBD1DF00AE88DA /* Project object */ = {
			isa = PBXProject;
			attributes = {
				BuildIndependentTargetsInParallel = 1;
				LastSwiftUpdateCheck = 1500;
				LastUpgradeCheck = 1500;
				TargetAttributes = {
					CD1F01992ACBD1DF00AE88DA = {
						CreatedOnToolsVersion = 15.0;
					};
					CDB3C8732AD23E48001D5D3D = {
						CreatedOnToolsVersion = 15.0;
						TestTargetID = CD1F01992ACBD1DF00AE88DA;
					};
					CDFEC9162AD8FEF100981B4C = {
						CreatedOnToolsVersion = 15.0;
						TestTargetID = CD1F01992ACBD1DF00AE88DA;
					};
				};
			};
			buildConfigurationList = CD1F01952ACBD1DF00AE88DA /* Build configuration list for PBXProject "GithubFollower" */;
			compatibilityVersion = "Xcode 14.0";
			developmentRegion = en;
			hasScannedForEncodings = 0;
			knownRegions = (
				en,
				Base,
			);
			mainGroup = CD1F01912ACBD1DF00AE88DA;
			productRefGroup = CD1F019B2ACBD1DF00AE88DA /* Products */;
			projectDirPath = "";
			projectRoot = "";
			targets = (
				CD1F01992ACBD1DF00AE88DA /* GithubFollower */,
				CDB3C8732AD23E48001D5D3D /* GithubFollowerTests */,
				CDFEC9162AD8FEF100981B4C /* GFNetworkTests */,
			);
		};
/* End PBXProject section */

/* Begin PBXResourcesBuildPhase section */
		CD1F01982ACBD1DF00AE88DA /* Resources */ = {
			isa = PBXResourcesBuildPhase;
			buildActionMask = 2147483647;
			files = (
				CD1F01AA2ACBD1E000AE88DA /* LaunchScreen.storyboard in Resources */,
				CD1F01A72ACBD1E000AE88DA /* Assets.xcassets in Resources */,
			);
			runOnlyForDeploymentPostprocessing = 0;
		};
		CDB3C8722AD23E48001D5D3D /* Resources */ = {
			isa = PBXResourcesBuildPhase;
			buildActionMask = 2147483647;
			files = (
			);
			runOnlyForDeploymentPostprocessing = 0;
		};
		CDFEC9152AD8FEF100981B4C /* Resources */ = {
			isa = PBXResourcesBuildPhase;
			buildActionMask = 2147483647;
			files = (
			);
			runOnlyForDeploymentPostprocessing = 0;
		};
/* End PBXResourcesBuildPhase section */

/* Begin PBXSourcesBuildPhase section */
		CD1F01962ACBD1DF00AE88DA /* Sources */ = {
			isa = PBXSourcesBuildPhase;
			buildActionMask = 2147483647;
			files = (
				CD029E092AD01416003D5FBD /* GFBodyLabel.swift in Sources */,
				CDB3C86A2AD236C9001D5D3D /* JSONDecodable.swift in Sources */,
				CD742FE62ACE2C48005681AD /* GFTitleLabel.swift in Sources */,
				CD1F01B42ACBD9B700AE88DA /* FavoriteListViewController.swift in Sources */,
				CD1C82B12ADC870100F6DB50 /* GFEmptyStateView.swift in Sources */,
				CDB3C8612AD2199C001D5D3D /* NetworkManageable.swift in Sources */,
				CD1F01BE2ACCE6F300AE88DA /* AssetImages.swift in Sources */,
				CDB3C8892AD28631001D5D3D /* URLSessionable.swift in Sources */,
				221EB7C02ADA2390005044AF /* FollowerCell.swift in Sources */,
				CD1C82A82ADB7CFC00F6DB50 /* ImageCacheManager.swift in Sources */,
				CD1F01B62ACBDBD300AE88DA /* UINavigationController+.swift in Sources */,
				CD1C82A62ADB64E200F6DB50 /* DownloadImageManager.swift in Sources */,
				CD1F01BC2ACBE9C900AE88DA /* GFTextField.swift in Sources */,
				CD742FDD2ACE0F49005681AD /* FollowerListViewController.swift in Sources */,
				CD029E0F2AD0B48B003D5FBD /* BackgroundColor.swift in Sources */,
				CD1F01B22ACBD97900AE88DA /* SearchViewController.swift in Sources */,
				CDB3C86C2AD238EE001D5D3D /* JSONDecodeProtocol.swift in Sources */,
				CD8434852AD9EFFC006502C0 /* GFError.swift in Sources */,
				CD742FDF2ACE1D9F005681AD /* UINavigationBar+.swift in Sources */,
				CD8434812AD97982006502C0 /* Components.swift in Sources */,
				CD8434832AD97BB7006502C0 /* QueryItem.swift in Sources */,
				CD1F01BA2ACBE7EF00AE88DA /* GFButton.swift in Sources */,
				CDA25DDC2ADCBF1800D5DED5 /* UserInformationViewController.swift in Sources */,
				CDB3C8632AD21A0D001D5D3D /* NetworkManager.swift in Sources */,
				CD1C829F2ADB4B9D00F6DB50 /* UICollectionViewFlowLayout+.swift in Sources */,
				CD2D291F2AD1269500D7B09E /* Follower.swift in Sources */,
				CD029E112AD0B6E5003D5FBD /* GFContainerView.swift in Sources */,
				CD1C82B62ADC8AA700F6DB50 /* ImageCacheable.swift in Sources */,
				CD029E0D2AD01715003D5FBD /* GFAlertViewController.swift in Sources */,
				CDB3C86F2AD23A45001D5D3D /* DecodeError.swift in Sources */,
				221EB7C62ADA247D005044AF /* Reusable+.swift in Sources */,
				CD1C829D2ADAA9A500F6DB50 /* Section.swift in Sources */,
				CD029E132AD0B86A003D5FBD /* BorderColor.swift in Sources */,
				CD1F019E2ACBD1DF00AE88DA /* AppDelegate.swift in Sources */,
				CDB3C88E2AD28AB4001D5D3D /* StubURLSession.swift in Sources */,
				CD1F01A02ACBD1DF00AE88DA /* SceneDelegate.swift in Sources */,
				CD1F01B82ACBDE9700AE88DA /* UITabBarController+.swift in Sources */,
				CD029E182AD0C485003D5FBD /* UIViewController+.swift in Sources */,
				CD1C82A42ADB645700F6DB50 /* Downloadable.swift in Sources */,
				CD029E152AD0BBC5003D5FBD /* AlertErrorMessage.swift in Sources */,
				CDB3C88D2AD289B1001D5D3D /* URLSession+.swift in Sources */,
				CD2D29212AD127E500D7B09E /* User.swift in Sources */,
				221EB7C82ADA2D3E005044AF /* GFAvatarImageView.swift in Sources */,
				221EB7C42ADA245D005044AF /* Reusable.swift in Sources */,
			);
			runOnlyForDeploymentPostprocessing = 0;
		};
		CDB3C8702AD23E48001D5D3D /* Sources */ = {
			isa = PBXSourcesBuildPhase;
			buildActionMask = 2147483647;
			files = (
				CDB3C87E2AD23ECF001D5D3D /* NetworkManagerProtocolTests.swift in Sources */,
				CDB3C8772AD23E48001D5D3D /* GithubFollowerTests.swift in Sources */,
			);
			runOnlyForDeploymentPostprocessing = 0;
		};
		CDFEC9132AD8FEF100981B4C /* Sources */ = {
			isa = PBXSourcesBuildPhase;
			buildActionMask = 2147483647;
			files = (
				CDFEC91A2AD8FEF100981B4C /* GFNetworkTests.swift in Sources */,
			);
			runOnlyForDeploymentPostprocessing = 0;
		};
/* End PBXSourcesBuildPhase section */

/* Begin PBXTargetDependency section */
		CDB3C8792AD23E48001D5D3D /* PBXTargetDependency */ = {
			isa = PBXTargetDependency;
			target = CD1F01992ACBD1DF00AE88DA /* GithubFollower */;
			targetProxy = CDB3C8782AD23E48001D5D3D /* PBXContainerItemProxy */;
		};
		CDFEC91C2AD8FEF100981B4C /* PBXTargetDependency */ = {
			isa = PBXTargetDependency;
			target = CD1F01992ACBD1DF00AE88DA /* GithubFollower */;
			targetProxy = CDFEC91B2AD8FEF100981B4C /* PBXContainerItemProxy */;
		};
/* End PBXTargetDependency section */

/* Begin PBXVariantGroup section */
		CD1F01A82ACBD1E000AE88DA /* LaunchScreen.storyboard */ = {
			isa = PBXVariantGroup;
			children = (
				CD1F01A92ACBD1E000AE88DA /* Base */,
			);
			name = LaunchScreen.storyboard;
			sourceTree = "<group>";
		};
/* End PBXVariantGroup section */

/* Begin XCBuildConfiguration section */
		CD1F01AC2ACBD1E000AE88DA /* Debug */ = {
			isa = XCBuildConfiguration;
			buildSettings = {
				ALWAYS_SEARCH_USER_PATHS = NO;
				ASSETCATALOG_COMPILER_GENERATE_SWIFT_ASSET_SYMBOL_EXTENSIONS = YES;
				CLANG_ANALYZER_NONNULL = YES;
				CLANG_ANALYZER_NUMBER_OBJECT_CONVERSION = YES_AGGRESSIVE;
				CLANG_CXX_LANGUAGE_STANDARD = "gnu++20";
				CLANG_ENABLE_MODULES = YES;
				CLANG_ENABLE_OBJC_ARC = YES;
				CLANG_ENABLE_OBJC_WEAK = YES;
				CLANG_WARN_BLOCK_CAPTURE_AUTORELEASING = YES;
				CLANG_WARN_BOOL_CONVERSION = YES;
				CLANG_WARN_COMMA = YES;
				CLANG_WARN_CONSTANT_CONVERSION = YES;
				CLANG_WARN_DEPRECATED_OBJC_IMPLEMENTATIONS = YES;
				CLANG_WARN_DIRECT_OBJC_ISA_USAGE = YES_ERROR;
				CLANG_WARN_DOCUMENTATION_COMMENTS = YES;
				CLANG_WARN_EMPTY_BODY = YES;
				CLANG_WARN_ENUM_CONVERSION = YES;
				CLANG_WARN_INFINITE_RECURSION = YES;
				CLANG_WARN_INT_CONVERSION = YES;
				CLANG_WARN_NON_LITERAL_NULL_CONVERSION = YES;
				CLANG_WARN_OBJC_IMPLICIT_RETAIN_SELF = YES;
				CLANG_WARN_OBJC_LITERAL_CONVERSION = YES;
				CLANG_WARN_OBJC_ROOT_CLASS = YES_ERROR;
				CLANG_WARN_QUOTED_INCLUDE_IN_FRAMEWORK_HEADER = YES;
				CLANG_WARN_RANGE_LOOP_ANALYSIS = YES;
				CLANG_WARN_STRICT_PROTOTYPES = YES;
				CLANG_WARN_SUSPICIOUS_MOVE = YES;
				CLANG_WARN_UNGUARDED_AVAILABILITY = YES_AGGRESSIVE;
				CLANG_WARN_UNREACHABLE_CODE = YES;
				CLANG_WARN__DUPLICATE_METHOD_MATCH = YES;
				COPY_PHASE_STRIP = NO;
				DEBUG_INFORMATION_FORMAT = dwarf;
				ENABLE_STRICT_OBJC_MSGSEND = YES;
				ENABLE_TESTABILITY = YES;
				ENABLE_USER_SCRIPT_SANDBOXING = YES;
				GCC_C_LANGUAGE_STANDARD = gnu17;
				GCC_DYNAMIC_NO_PIC = NO;
				GCC_NO_COMMON_BLOCKS = YES;
				GCC_OPTIMIZATION_LEVEL = 0;
				GCC_PREPROCESSOR_DEFINITIONS = (
					"DEBUG=1",
					"$(inherited)",
				);
				GCC_WARN_64_TO_32_BIT_CONVERSION = YES;
				GCC_WARN_ABOUT_RETURN_TYPE = YES_ERROR;
				GCC_WARN_UNDECLARED_SELECTOR = YES;
				GCC_WARN_UNINITIALIZED_AUTOS = YES_AGGRESSIVE;
				GCC_WARN_UNUSED_FUNCTION = YES;
				GCC_WARN_UNUSED_VARIABLE = YES;
				IPHONEOS_DEPLOYMENT_TARGET = 14.0;
				LOCALIZATION_PREFERS_STRING_CATALOGS = YES;
				MTL_ENABLE_DEBUG_INFO = INCLUDE_SOURCE;
				MTL_FAST_MATH = YES;
				ONLY_ACTIVE_ARCH = YES;
				SDKROOT = iphoneos;
				SWIFT_ACTIVE_COMPILATION_CONDITIONS = "DEBUG $(inherited)";
				SWIFT_OPTIMIZATION_LEVEL = "-Onone";
			};
			name = Debug;
		};
		CD1F01AD2ACBD1E000AE88DA /* Release */ = {
			isa = XCBuildConfiguration;
			buildSettings = {
				ALWAYS_SEARCH_USER_PATHS = NO;
				ASSETCATALOG_COMPILER_GENERATE_SWIFT_ASSET_SYMBOL_EXTENSIONS = YES;
				CLANG_ANALYZER_NONNULL = YES;
				CLANG_ANALYZER_NUMBER_OBJECT_CONVERSION = YES_AGGRESSIVE;
				CLANG_CXX_LANGUAGE_STANDARD = "gnu++20";
				CLANG_ENABLE_MODULES = YES;
				CLANG_ENABLE_OBJC_ARC = YES;
				CLANG_ENABLE_OBJC_WEAK = YES;
				CLANG_WARN_BLOCK_CAPTURE_AUTORELEASING = YES;
				CLANG_WARN_BOOL_CONVERSION = YES;
				CLANG_WARN_COMMA = YES;
				CLANG_WARN_CONSTANT_CONVERSION = YES;
				CLANG_WARN_DEPRECATED_OBJC_IMPLEMENTATIONS = YES;
				CLANG_WARN_DIRECT_OBJC_ISA_USAGE = YES_ERROR;
				CLANG_WARN_DOCUMENTATION_COMMENTS = YES;
				CLANG_WARN_EMPTY_BODY = YES;
				CLANG_WARN_ENUM_CONVERSION = YES;
				CLANG_WARN_INFINITE_RECURSION = YES;
				CLANG_WARN_INT_CONVERSION = YES;
				CLANG_WARN_NON_LITERAL_NULL_CONVERSION = YES;
				CLANG_WARN_OBJC_IMPLICIT_RETAIN_SELF = YES;
				CLANG_WARN_OBJC_LITERAL_CONVERSION = YES;
				CLANG_WARN_OBJC_ROOT_CLASS = YES_ERROR;
				CLANG_WARN_QUOTED_INCLUDE_IN_FRAMEWORK_HEADER = YES;
				CLANG_WARN_RANGE_LOOP_ANALYSIS = YES;
				CLANG_WARN_STRICT_PROTOTYPES = YES;
				CLANG_WARN_SUSPICIOUS_MOVE = YES;
				CLANG_WARN_UNGUARDED_AVAILABILITY = YES_AGGRESSIVE;
				CLANG_WARN_UNREACHABLE_CODE = YES;
				CLANG_WARN__DUPLICATE_METHOD_MATCH = YES;
				COPY_PHASE_STRIP = NO;
				DEBUG_INFORMATION_FORMAT = "dwarf-with-dsym";
				ENABLE_NS_ASSERTIONS = NO;
				ENABLE_STRICT_OBJC_MSGSEND = YES;
				ENABLE_USER_SCRIPT_SANDBOXING = YES;
				GCC_C_LANGUAGE_STANDARD = gnu17;
				GCC_NO_COMMON_BLOCKS = YES;
				GCC_WARN_64_TO_32_BIT_CONVERSION = YES;
				GCC_WARN_ABOUT_RETURN_TYPE = YES_ERROR;
				GCC_WARN_UNDECLARED_SELECTOR = YES;
				GCC_WARN_UNINITIALIZED_AUTOS = YES_AGGRESSIVE;
				GCC_WARN_UNUSED_FUNCTION = YES;
				GCC_WARN_UNUSED_VARIABLE = YES;
				IPHONEOS_DEPLOYMENT_TARGET = 14.0;
				LOCALIZATION_PREFERS_STRING_CATALOGS = YES;
				MTL_ENABLE_DEBUG_INFO = NO;
				MTL_FAST_MATH = YES;
				SDKROOT = iphoneos;
				SWIFT_COMPILATION_MODE = wholemodule;
				VALIDATE_PRODUCT = YES;
			};
			name = Release;
		};
		CD1F01AF2ACBD1E000AE88DA /* Debug */ = {
			isa = XCBuildConfiguration;
			buildSettings = {
				ASSETCATALOG_COMPILER_APPICON_NAME = AppIcon;
				ASSETCATALOG_COMPILER_GLOBAL_ACCENT_COLOR_NAME = AccentColor;
				CODE_SIGN_STYLE = Automatic;
				CURRENT_PROJECT_VERSION = 1;
				DEVELOPMENT_TEAM = 64WAG22Y2J;
				GENERATE_INFOPLIST_FILE = YES;
				INFOPLIST_FILE = GithubFollower/Info.plist;
				INFOPLIST_KEY_UIApplicationSupportsIndirectInputEvents = YES;
				INFOPLIST_KEY_UILaunchStoryboardName = LaunchScreen;
				INFOPLIST_KEY_UISupportedInterfaceOrientations = UIInterfaceOrientationPortrait;
				LD_RUNPATH_SEARCH_PATHS = (
					"$(inherited)",
					"@executable_path/Frameworks",
				);
				MARKETING_VERSION = 1.0;
				PRODUCT_BUNDLE_IDENTIFIER = dev.kobe.GithubFollower;
				PRODUCT_NAME = "$(TARGET_NAME)";
				SUPPORTED_PLATFORMS = "iphoneos iphonesimulator";
				SUPPORTS_MACCATALYST = NO;
				SUPPORTS_MAC_DESIGNED_FOR_IPHONE_IPAD = NO;
				SWIFT_EMIT_LOC_STRINGS = YES;
				SWIFT_VERSION = 5.0;
				TARGETED_DEVICE_FAMILY = 1;
			};
			name = Debug;
		};
		CD1F01B02ACBD1E000AE88DA /* Release */ = {
			isa = XCBuildConfiguration;
			buildSettings = {
				ASSETCATALOG_COMPILER_APPICON_NAME = AppIcon;
				ASSETCATALOG_COMPILER_GLOBAL_ACCENT_COLOR_NAME = AccentColor;
				CODE_SIGN_STYLE = Automatic;
				CURRENT_PROJECT_VERSION = 1;
				DEVELOPMENT_TEAM = 64WAG22Y2J;
				GENERATE_INFOPLIST_FILE = YES;
				INFOPLIST_FILE = GithubFollower/Info.plist;
				INFOPLIST_KEY_UIApplicationSupportsIndirectInputEvents = YES;
				INFOPLIST_KEY_UILaunchStoryboardName = LaunchScreen;
				INFOPLIST_KEY_UISupportedInterfaceOrientations = UIInterfaceOrientationPortrait;
				LD_RUNPATH_SEARCH_PATHS = (
					"$(inherited)",
					"@executable_path/Frameworks",
				);
				MARKETING_VERSION = 1.0;
				PRODUCT_BUNDLE_IDENTIFIER = dev.kobe.GithubFollower;
				PRODUCT_NAME = "$(TARGET_NAME)";
				SUPPORTED_PLATFORMS = "iphoneos iphonesimulator";
				SUPPORTS_MACCATALYST = NO;
				SUPPORTS_MAC_DESIGNED_FOR_IPHONE_IPAD = NO;
				SWIFT_EMIT_LOC_STRINGS = YES;
				SWIFT_VERSION = 5.0;
				TARGETED_DEVICE_FAMILY = 1;
			};
			name = Release;
		};
		CDB3C87B2AD23E48001D5D3D /* Debug */ = {
			isa = XCBuildConfiguration;
			buildSettings = {
				BUNDLE_LOADER = "$(TEST_HOST)";
				CODE_SIGN_STYLE = Automatic;
				CURRENT_PROJECT_VERSION = 1;
				DEVELOPMENT_TEAM = 64WAG22Y2J;
				GENERATE_INFOPLIST_FILE = YES;
				IPHONEOS_DEPLOYMENT_TARGET = 14.0;
				MARKETING_VERSION = 1.0;
				PRODUCT_BUNDLE_IDENTIFIER = dev.kobe.GithubFollowerTests;
				PRODUCT_NAME = "$(TARGET_NAME)";
				SUPPORTED_PLATFORMS = "iphoneos iphonesimulator";
				SUPPORTS_MACCATALYST = NO;
				SUPPORTS_MAC_DESIGNED_FOR_IPHONE_IPAD = NO;
				SWIFT_EMIT_LOC_STRINGS = NO;
				SWIFT_VERSION = 5.0;
				TARGETED_DEVICE_FAMILY = 1;
				TEST_HOST = "$(BUILT_PRODUCTS_DIR)/GithubFollower.app/$(BUNDLE_EXECUTABLE_FOLDER_PATH)/GithubFollower";
			};
			name = Debug;
		};
		CDB3C87C2AD23E48001D5D3D /* Release */ = {
			isa = XCBuildConfiguration;
			buildSettings = {
				BUNDLE_LOADER = "$(TEST_HOST)";
				CODE_SIGN_STYLE = Automatic;
				CURRENT_PROJECT_VERSION = 1;
				DEVELOPMENT_TEAM = 64WAG22Y2J;
				GENERATE_INFOPLIST_FILE = YES;
				IPHONEOS_DEPLOYMENT_TARGET = 14.0;
				MARKETING_VERSION = 1.0;
				PRODUCT_BUNDLE_IDENTIFIER = dev.kobe.GithubFollowerTests;
				PRODUCT_NAME = "$(TARGET_NAME)";
				SUPPORTED_PLATFORMS = "iphoneos iphonesimulator";
				SUPPORTS_MACCATALYST = NO;
				SUPPORTS_MAC_DESIGNED_FOR_IPHONE_IPAD = NO;
				SWIFT_EMIT_LOC_STRINGS = NO;
				SWIFT_VERSION = 5.0;
				TARGETED_DEVICE_FAMILY = 1;
				TEST_HOST = "$(BUILT_PRODUCTS_DIR)/GithubFollower.app/$(BUNDLE_EXECUTABLE_FOLDER_PATH)/GithubFollower";
			};
			name = Release;
		};
		CDFEC91E2AD8FEF100981B4C /* Debug */ = {
			isa = XCBuildConfiguration;
			buildSettings = {
				BUNDLE_LOADER = "$(TEST_HOST)";
				CODE_SIGN_STYLE = Automatic;
				CURRENT_PROJECT_VERSION = 1;
				DEVELOPMENT_TEAM = 64WAG22Y2J;
				GENERATE_INFOPLIST_FILE = YES;
				IPHONEOS_DEPLOYMENT_TARGET = 14.0;
				MARKETING_VERSION = 1.0;
				PRODUCT_BUNDLE_IDENTIFIER = dev.kobe.GFNetworkTests;
				PRODUCT_NAME = "$(TARGET_NAME)";
				SWIFT_EMIT_LOC_STRINGS = NO;
				SWIFT_VERSION = 5.0;
				TARGETED_DEVICE_FAMILY = "1,2";
				TEST_HOST = "$(BUILT_PRODUCTS_DIR)/GithubFollower.app/$(BUNDLE_EXECUTABLE_FOLDER_PATH)/GithubFollower";
			};
			name = Debug;
		};
		CDFEC91F2AD8FEF100981B4C /* Release */ = {
			isa = XCBuildConfiguration;
			buildSettings = {
				BUNDLE_LOADER = "$(TEST_HOST)";
				CODE_SIGN_STYLE = Automatic;
				CURRENT_PROJECT_VERSION = 1;
				DEVELOPMENT_TEAM = 64WAG22Y2J;
				GENERATE_INFOPLIST_FILE = YES;
				IPHONEOS_DEPLOYMENT_TARGET = 14.0;
				MARKETING_VERSION = 1.0;
				PRODUCT_BUNDLE_IDENTIFIER = dev.kobe.GFNetworkTests;
				PRODUCT_NAME = "$(TARGET_NAME)";
				SWIFT_EMIT_LOC_STRINGS = NO;
				SWIFT_VERSION = 5.0;
				TARGETED_DEVICE_FAMILY = "1,2";
				TEST_HOST = "$(BUILT_PRODUCTS_DIR)/GithubFollower.app/$(BUNDLE_EXECUTABLE_FOLDER_PATH)/GithubFollower";
			};
			name = Release;
		};
/* End XCBuildConfiguration section */

/* Begin XCConfigurationList section */
		CD1F01952ACBD1DF00AE88DA /* Build configuration list for PBXProject "GithubFollower" */ = {
			isa = XCConfigurationList;
			buildConfigurations = (
				CD1F01AC2ACBD1E000AE88DA /* Debug */,
				CD1F01AD2ACBD1E000AE88DA /* Release */,
			);
			defaultConfigurationIsVisible = 0;
			defaultConfigurationName = Release;
		};
		CD1F01AE2ACBD1E000AE88DA /* Build configuration list for PBXNativeTarget "GithubFollower" */ = {
			isa = XCConfigurationList;
			buildConfigurations = (
				CD1F01AF2ACBD1E000AE88DA /* Debug */,
				CD1F01B02ACBD1E000AE88DA /* Release */,
			);
			defaultConfigurationIsVisible = 0;
			defaultConfigurationName = Release;
		};
		CDB3C87A2AD23E48001D5D3D /* Build configuration list for PBXNativeTarget "GithubFollowerTests" */ = {
			isa = XCConfigurationList;
			buildConfigurations = (
				CDB3C87B2AD23E48001D5D3D /* Debug */,
				CDB3C87C2AD23E48001D5D3D /* Release */,
			);
			defaultConfigurationIsVisible = 0;
			defaultConfigurationName = Release;
		};
		CDFEC91D2AD8FEF100981B4C /* Build configuration list for PBXNativeTarget "GFNetworkTests" */ = {
			isa = XCConfigurationList;
			buildConfigurations = (
				CDFEC91E2AD8FEF100981B4C /* Debug */,
				CDFEC91F2AD8FEF100981B4C /* Release */,
			);
			defaultConfigurationIsVisible = 0;
			defaultConfigurationName = Release;
		};
/* End XCConfigurationList section */
	};
	rootObject = CD1F01922ACBD1DF00AE88DA /* Project object */;
}
