// !$*UTF8*$!
{
	archiveVersion = 1;
	classes = {
	};
	objectVersion = 56;
	objects = {

/* Begin PBXBuildFile section */
		CD1F019E2ACBD1DF00AE88DA /* AppDelegate.swift in Sources */ = {isa = PBXBuildFile; fileRef = CD1F019D2ACBD1DF00AE88DA /* AppDelegate.swift */; };
		CD1F01A02ACBD1DF00AE88DA /* SceneDelegate.swift in Sources */ = {isa = PBXBuildFile; fileRef = CD1F019F2ACBD1DF00AE88DA /* SceneDelegate.swift */; };
		CD1F01A72ACBD1E000AE88DA /* Assets.xcassets in Resources */ = {isa = PBXBuildFile; fileRef = CD1F01A62ACBD1E000AE88DA /* Assets.xcassets */; };
		CD1F01AA2ACBD1E000AE88DA /* LaunchScreen.storyboard in Resources */ = {isa = PBXBuildFile; fileRef = CD1F01A82ACBD1E000AE88DA /* LaunchScreen.storyboard */; };
		CD1F01B22ACBD97900AE88DA /* SearchViewController.swift in Sources */ = {isa = PBXBuildFile; fileRef = CD1F01B12ACBD97900AE88DA /* SearchViewController.swift */; };
		CD1F01B42ACBD9B700AE88DA /* FavoriteListViewController.swift in Sources */ = {isa = PBXBuildFile; fileRef = CD1F01B32ACBD9B700AE88DA /* FavoriteListViewController.swift */; };
		CD1F01B62ACBDBD300AE88DA /* UINavigationController+.swift in Sources */ = {isa = PBXBuildFile; fileRef = CD1F01B52ACBDBD300AE88DA /* UINavigationController+.swift */; };
		CD1F01B82ACBDE9700AE88DA /* UITabBarController+.swift in Sources */ = {isa = PBXBuildFile; fileRef = CD1F01B72ACBDE9700AE88DA /* UITabBarController+.swift */; };
		CD1F01BA2ACBE7EF00AE88DA /* GFButton.swift in Sources */ = {isa = PBXBuildFile; fileRef = CD1F01B92ACBE7EF00AE88DA /* GFButton.swift */; };
		CD1F01BC2ACBE9C900AE88DA /* GFTextField.swift in Sources */ = {isa = PBXBuildFile; fileRef = CD1F01BB2ACBE9C900AE88DA /* GFTextField.swift */; };
/* End PBXBuildFile section */

/* Begin PBXFileReference section */
		CD1F019A2ACBD1DF00AE88DA /* GithubFollower.app */ = {isa = PBXFileReference; explicitFileType = wrapper.application; includeInIndex = 0; path = GithubFollower.app; sourceTree = BUILT_PRODUCTS_DIR; };
		CD1F019D2ACBD1DF00AE88DA /* AppDelegate.swift */ = {isa = PBXFileReference; lastKnownFileType = sourcecode.swift; path = AppDelegate.swift; sourceTree = "<group>"; };
		CD1F019F2ACBD1DF00AE88DA /* SceneDelegate.swift */ = {isa = PBXFileReference; lastKnownFileType = sourcecode.swift; path = SceneDelegate.swift; sourceTree = "<group>"; };
		CD1F01A62ACBD1E000AE88DA /* Assets.xcassets */ = {isa = PBXFileReference; lastKnownFileType = folder.assetcatalog; path = Assets.xcassets; sourceTree = "<group>"; };
		CD1F01A92ACBD1E000AE88DA /* Base */ = {isa = PBXFileReference; lastKnownFileType = file.storyboard; name = Base; path = Base.lproj/LaunchScreen.storyboard; sourceTree = "<group>"; };
		CD1F01AB2ACBD1E000AE88DA /* Info.plist */ = {isa = PBXFileReference; lastKnownFileType = text.plist.xml; path = Info.plist; sourceTree = "<group>"; };
		CD1F01B12ACBD97900AE88DA /* SearchViewController.swift */ = {isa = PBXFileReference; lastKnownFileType = sourcecode.swift; path = SearchViewController.swift; sourceTree = "<group>"; };
		CD1F01B32ACBD9B700AE88DA /* FavoriteListViewController.swift */ = {isa = PBXFileReference; lastKnownFileType = sourcecode.swift; path = FavoriteListViewController.swift; sourceTree = "<group>"; };
		CD1F01B52ACBDBD300AE88DA /* UINavigationController+.swift */ = {isa = PBXFileReference; lastKnownFileType = sourcecode.swift; path = "UINavigationController+.swift"; sourceTree = "<group>"; };
		CD1F01B72ACBDE9700AE88DA /* UITabBarController+.swift */ = {isa = PBXFileReference; lastKnownFileType = sourcecode.swift; path = "UITabBarController+.swift"; sourceTree = "<group>"; };
		CD1F01B92ACBE7EF00AE88DA /* GFButton.swift */ = {isa = PBXFileReference; lastKnownFileType = sourcecode.swift; path = GFButton.swift; sourceTree = "<group>"; };
		CD1F01BB2ACBE9C900AE88DA /* GFTextField.swift */ = {isa = PBXFileReference; lastKnownFileType = sourcecode.swift; path = GFTextField.swift; sourceTree = "<group>"; };
/* End PBXFileReference section */

/* Begin PBXFrameworksBuildPhase section */
		CD1F01972ACBD1DF00AE88DA /* Frameworks */ = {
			isa = PBXFrameworksBuildPhase;
			buildActionMask = 2147483647;
			files = (
			);
			runOnlyForDeploymentPostprocessing = 0;
		};
/* End PBXFrameworksBuildPhase section */

/* Begin PBXGroup section */
		CD1F01912ACBD1DF00AE88DA = {
			isa = PBXGroup;
			children = (
				CD1F019C2ACBD1DF00AE88DA /* GithubFollower */,
				CD1F019B2ACBD1DF00AE88DA /* Products */,
			);
			sourceTree = "<group>";
		};
		CD1F019B2ACBD1DF00AE88DA /* Products */ = {
			isa = PBXGroup;
			children = (
				CD1F019A2ACBD1DF00AE88DA /* GithubFollower.app */,
			);
			name = Products;
			sourceTree = "<group>";
		};
		CD1F019C2ACBD1DF00AE88DA /* GithubFollower */ = {
			isa = PBXGroup;
			children = (
				CD1F019D2ACBD1DF00AE88DA /* AppDelegate.swift */,
				CD1F019F2ACBD1DF00AE88DA /* SceneDelegate.swift */,
				CD1F01A62ACBD1E000AE88DA /* Assets.xcassets */,
				CD1F01A82ACBD1E000AE88DA /* LaunchScreen.storyboard */,
				CD1F01AB2ACBD1E000AE88DA /* Info.plist */,
				CD1F01B12ACBD97900AE88DA /* SearchViewController.swift */,
				CD1F01B32ACBD9B700AE88DA /* FavoriteListViewController.swift */,
				CD1F01B52ACBDBD300AE88DA /* UINavigationController+.swift */,
				CD1F01B72ACBDE9700AE88DA /* UITabBarController+.swift */,
				CD1F01B92ACBE7EF00AE88DA /* GFButton.swift */,
				CD1F01BB2ACBE9C900AE88DA /* GFTextField.swift */,
			);
			path = GithubFollower;
			sourceTree = "<group>";
		};
/* End PBXGroup section */

/* Begin PBXNativeTarget section */
		CD1F01992ACBD1DF00AE88DA /* GithubFollower */ = {
			isa = PBXNativeTarget;
			buildConfigurationList = CD1F01AE2ACBD1E000AE88DA /* Build configuration list for PBXNativeTarget "GithubFollower" */;
			buildPhases = (
				CD1F01962ACBD1DF00AE88DA /* Sources */,
				CD1F01972ACBD1DF00AE88DA /* Frameworks */,
				CD1F01982ACBD1DF00AE88DA /* Resources */,
			);
			buildRules = (
			);
			dependencies = (
			);
			name = GithubFollower;
			productName = GithubFollower;
			productReference = CD1F019A2ACBD1DF00AE88DA /* GithubFollower.app */;
			productType = "com.apple.product-type.application";
		};
/* End PBXNativeTarget section */

/* Begin PBXProject section */
		CD1F01922ACBD1DF00AE88DA /* Project object */ = {
			isa = PBXProject;
			attributes = {
				BuildIndependentTargetsInParallel = 1;
				LastSwiftUpdateCheck = 1500;
				LastUpgradeCheck = 1500;
				TargetAttributes = {
					CD1F01992ACBD1DF00AE88DA = {
						CreatedOnToolsVersion = 15.0;
					};
				};
			};
			buildConfigurationList = CD1F01952ACBD1DF00AE88DA /* Build configuration list for PBXProject "GithubFollower" */;
			compatibilityVersion = "Xcode 14.0";
			developmentRegion = en;
			hasScannedForEncodings = 0;
			knownRegions = (
				en,
				Base,
			);
			mainGroup = CD1F01912ACBD1DF00AE88DA;
			productRefGroup = CD1F019B2ACBD1DF00AE88DA /* Products */;
			projectDirPath = "";
			projectRoot = "";
			targets = (
				CD1F01992ACBD1DF00AE88DA /* GithubFollower */,
			);
		};
/* End PBXProject section */

/* Begin PBXResourcesBuildPhase section */
		CD1F01982ACBD1DF00AE88DA /* Resources */ = {
			isa = PBXResourcesBuildPhase;
			buildActionMask = 2147483647;
			files = (
				CD1F01AA2ACBD1E000AE88DA /* LaunchScreen.storyboard in Resources */,
				CD1F01A72ACBD1E000AE88DA /* Assets.xcassets in Resources */,
			);
			runOnlyForDeploymentPostprocessing = 0;
		};
/* End PBXResourcesBuildPhase section */

/* Begin PBXSourcesBuildPhase section */
		CD1F01962ACBD1DF00AE88DA /* Sources */ = {
			isa = PBXSourcesBuildPhase;
			buildActionMask = 2147483647;
			files = (
				CD1F01B42ACBD9B700AE88DA /* FavoriteListViewController.swift in Sources */,
				CD1F01B62ACBDBD300AE88DA /* UINavigationController+.swift in Sources */,
				CD1F01BC2ACBE9C900AE88DA /* GFTextField.swift in Sources */,
				CD1F01B22ACBD97900AE88DA /* SearchViewController.swift in Sources */,
				CD1F01BA2ACBE7EF00AE88DA /* GFButton.swift in Sources */,
				CD1F019E2ACBD1DF00AE88DA /* AppDelegate.swift in Sources */,
				CD1F01A02ACBD1DF00AE88DA /* SceneDelegate.swift in Sources */,
				CD1F01B82ACBDE9700AE88DA /* UITabBarController+.swift in Sources */,
			);
			runOnlyForDeploymentPostprocessing = 0;
		};
/* End PBXSourcesBuildPhase section */

/* Begin PBXVariantGroup section */
		CD1F01A82ACBD1E000AE88DA /* LaunchScreen.storyboard */ = {
			isa = PBXVariantGroup;
			children = (
				CD1F01A92ACBD1E000AE88DA /* Base */,
			);
			name = LaunchScreen.storyboard;
			sourceTree = "<group>";
		};
/* End PBXVariantGroup section */

/* Begin XCBuildConfiguration section */
		CD1F01AC2ACBD1E000AE88DA /* Debug */ = {
			isa = XCBuildConfiguration;
			buildSettings = {
				ALWAYS_SEARCH_USER_PATHS = NO;
				ASSETCATALOG_COMPILER_GENERATE_SWIFT_ASSET_SYMBOL_EXTENSIONS = YES;
				CLANG_ANALYZER_NONNULL = YES;
				CLANG_ANALYZER_NUMBER_OBJECT_CONVERSION = YES_AGGRESSIVE;
				CLANG_CXX_LANGUAGE_STANDARD = "gnu++20";
				CLANG_ENABLE_MODULES = YES;
				CLANG_ENABLE_OBJC_ARC = YES;
				CLANG_ENABLE_OBJC_WEAK = YES;
				CLANG_WARN_BLOCK_CAPTURE_AUTORELEASING = YES;
				CLANG_WARN_BOOL_CONVERSION = YES;
				CLANG_WARN_COMMA = YES;
				CLANG_WARN_CONSTANT_CONVERSION = YES;
				CLANG_WARN_DEPRECATED_OBJC_IMPLEMENTATIONS = YES;
				CLANG_WARN_DIRECT_OBJC_ISA_USAGE = YES_ERROR;
				CLANG_WARN_DOCUMENTATION_COMMENTS = YES;
				CLANG_WARN_EMPTY_BODY = YES;
				CLANG_WARN_ENUM_CONVERSION = YES;
				CLANG_WARN_INFINITE_RECURSION = YES;
				CLANG_WARN_INT_CONVERSION = YES;
				CLANG_WARN_NON_LITERAL_NULL_CONVERSION = YES;
				CLANG_WARN_OBJC_IMPLICIT_RETAIN_SELF = YES;
				CLANG_WARN_OBJC_LITERAL_CONVERSION = YES;
				CLANG_WARN_OBJC_ROOT_CLASS = YES_ERROR;
				CLANG_WARN_QUOTED_INCLUDE_IN_FRAMEWORK_HEADER = YES;
				CLANG_WARN_RANGE_LOOP_ANALYSIS = YES;
				CLANG_WARN_STRICT_PROTOTYPES = YES;
				CLANG_WARN_SUSPICIOUS_MOVE = YES;
				CLANG_WARN_UNGUARDED_AVAILABILITY = YES_AGGRESSIVE;
				CLANG_WARN_UNREACHABLE_CODE = YES;
				CLANG_WARN__DUPLICATE_METHOD_MATCH = YES;
				COPY_PHASE_STRIP = NO;
				DEBUG_INFORMATION_FORMAT = dwarf;
				ENABLE_STRICT_OBJC_MSGSEND = YES;
				ENABLE_TESTABILITY = YES;
				ENABLE_USER_SCRIPT_SANDBOXING = YES;
				GCC_C_LANGUAGE_STANDARD = gnu17;
				GCC_DYNAMIC_NO_PIC = NO;
				GCC_NO_COMMON_BLOCKS = YES;
				GCC_OPTIMIZATION_LEVEL = 0;
				GCC_PREPROCESSOR_DEFINITIONS = (
					"DEBUG=1",
					"$(inherited)",
				);
				GCC_WARN_64_TO_32_BIT_CONVERSION = YES;
				GCC_WARN_ABOUT_RETURN_TYPE = YES_ERROR;
				GCC_WARN_UNDECLARED_SELECTOR = YES;
				GCC_WARN_UNINITIALIZED_AUTOS = YES_AGGRESSIVE;
				GCC_WARN_UNUSED_FUNCTION = YES;
				GCC_WARN_UNUSED_VARIABLE = YES;
				IPHONEOS_DEPLOYMENT_TARGET = 17.0;
				LOCALIZATION_PREFERS_STRING_CATALOGS = YES;
				MTL_ENABLE_DEBUG_INFO = INCLUDE_SOURCE;
				MTL_FAST_MATH = YES;
				ONLY_ACTIVE_ARCH = YES;
				SDKROOT = iphoneos;
				SWIFT_ACTIVE_COMPILATION_CONDITIONS = "DEBUG $(inherited)";
				SWIFT_OPTIMIZATION_LEVEL = "-Onone";
			};
			name = Debug;
		};
		CD1F01AD2ACBD1E000AE88DA /* Release */ = {
			isa = XCBuildConfiguration;
			buildSettings = {
				ALWAYS_SEARCH_USER_PATHS = NO;
				ASSETCATALOG_COMPILER_GENERATE_SWIFT_ASSET_SYMBOL_EXTENSIONS = YES;
				CLANG_ANALYZER_NONNULL = YES;
				CLANG_ANALYZER_NUMBER_OBJECT_CONVERSION = YES_AGGRESSIVE;
				CLANG_CXX_LANGUAGE_STANDARD = "gnu++20";
				CLANG_ENABLE_MODULES = YES;
				CLANG_ENABLE_OBJC_ARC = YES;
				CLANG_ENABLE_OBJC_WEAK = YES;
				CLANG_WARN_BLOCK_CAPTURE_AUTORELEASING = YES;
				CLANG_WARN_BOOL_CONVERSION = YES;
				CLANG_WARN_COMMA = YES;
				CLANG_WARN_CONSTANT_CONVERSION = YES;
				CLANG_WARN_DEPRECATED_OBJC_IMPLEMENTATIONS = YES;
				CLANG_WARN_DIRECT_OBJC_ISA_USAGE = YES_ERROR;
				CLANG_WARN_DOCUMENTATION_COMMENTS = YES;
				CLANG_WARN_EMPTY_BODY = YES;
				CLANG_WARN_ENUM_CONVERSION = YES;
				CLANG_WARN_INFINITE_RECURSION = YES;
				CLANG_WARN_INT_CONVERSION = YES;
				CLANG_WARN_NON_LITERAL_NULL_CONVERSION = YES;
				CLANG_WARN_OBJC_IMPLICIT_RETAIN_SELF = YES;
				CLANG_WARN_OBJC_LITERAL_CONVERSION = YES;
				CLANG_WARN_OBJC_ROOT_CLASS = YES_ERROR;
				CLANG_WARN_QUOTED_INCLUDE_IN_FRAMEWORK_HEADER = YES;
				CLANG_WARN_RANGE_LOOP_ANALYSIS = YES;
				CLANG_WARN_STRICT_PROTOTYPES = YES;
				CLANG_WARN_SUSPICIOUS_MOVE = YES;
				CLANG_WARN_UNGUARDED_AVAILABILITY = YES_AGGRESSIVE;
				CLANG_WARN_UNREACHABLE_CODE = YES;
				CLANG_WARN__DUPLICATE_METHOD_MATCH = YES;
				COPY_PHASE_STRIP = NO;
				DEBUG_INFORMATION_FORMAT = "dwarf-with-dsym";
				ENABLE_NS_ASSERTIONS = NO;
				ENABLE_STRICT_OBJC_MSGSEND = YES;
				ENABLE_USER_SCRIPT_SANDBOXING = YES;
				GCC_C_LANGUAGE_STANDARD = gnu17;
				GCC_NO_COMMON_BLOCKS = YES;
				GCC_WARN_64_TO_32_BIT_CONVERSION = YES;
				GCC_WARN_ABOUT_RETURN_TYPE = YES_ERROR;
				GCC_WARN_UNDECLARED_SELECTOR = YES;
				GCC_WARN_UNINITIALIZED_AUTOS = YES_AGGRESSIVE;
				GCC_WARN_UNUSED_FUNCTION = YES;
				GCC_WARN_UNUSED_VARIABLE = YES;
				IPHONEOS_DEPLOYMENT_TARGET = 17.0;
				LOCALIZATION_PREFERS_STRING_CATALOGS = YES;
				MTL_ENABLE_DEBUG_INFO = NO;
				MTL_FAST_MATH = YES;
				SDKROOT = iphoneos;
				SWIFT_COMPILATION_MODE = wholemodule;
				VALIDATE_PRODUCT = YES;
			};
			name = Release;
		};
		CD1F01AF2ACBD1E000AE88DA /* Debug */ = {
			isa = XCBuildConfiguration;
			buildSettings = {
				ASSETCATALOG_COMPILER_APPICON_NAME = AppIcon;
				ASSETCATALOG_COMPILER_GLOBAL_ACCENT_COLOR_NAME = AccentColor;
				CODE_SIGN_STYLE = Automatic;
				CURRENT_PROJECT_VERSION = 1;
				DEVELOPMENT_TEAM = 64WAG22Y2J;
				GENERATE_INFOPLIST_FILE = YES;
				INFOPLIST_FILE = GithubFollower/Info.plist;
				INFOPLIST_KEY_UIApplicationSupportsIndirectInputEvents = YES;
				INFOPLIST_KEY_UILaunchStoryboardName = LaunchScreen;
				INFOPLIST_KEY_UISupportedInterfaceOrientations = UIInterfaceOrientationPortrait;
				LD_RUNPATH_SEARCH_PATHS = (
					"$(inherited)",
					"@executable_path/Frameworks",
				);
				MARKETING_VERSION = 1.0;
				PRODUCT_BUNDLE_IDENTIFIER = dev.kobe.GithubFollower;
				PRODUCT_NAME = "$(TARGET_NAME)";
				SUPPORTED_PLATFORMS = "iphoneos iphonesimulator";
				SUPPORTS_MACCATALYST = NO;
				SUPPORTS_MAC_DESIGNED_FOR_IPHONE_IPAD = NO;
				SWIFT_EMIT_LOC_STRINGS = YES;
				SWIFT_VERSION = 5.0;
				TARGETED_DEVICE_FAMILY = 1;
			};
			name = Debug;
		};
		CD1F01B02ACBD1E000AE88DA /* Release */ = {
			isa = XCBuildConfiguration;
			buildSettings = {
				ASSETCATALOG_COMPILER_APPICON_NAME = AppIcon;
				ASSETCATALOG_COMPILER_GLOBAL_ACCENT_COLOR_NAME = AccentColor;
				CODE_SIGN_STYLE = Automatic;
				CURRENT_PROJECT_VERSION = 1;
				DEVELOPMENT_TEAM = 64WAG22Y2J;
				GENERATE_INFOPLIST_FILE = YES;
				INFOPLIST_FILE = GithubFollower/Info.plist;
				INFOPLIST_KEY_UIApplicationSupportsIndirectInputEvents = YES;
				INFOPLIST_KEY_UILaunchStoryboardName = LaunchScreen;
				INFOPLIST_KEY_UISupportedInterfaceOrientations = UIInterfaceOrientationPortrait;
				LD_RUNPATH_SEARCH_PATHS = (
					"$(inherited)",
					"@executable_path/Frameworks",
				);
				MARKETING_VERSION = 1.0;
				PRODUCT_BUNDLE_IDENTIFIER = dev.kobe.GithubFollower;
				PRODUCT_NAME = "$(TARGET_NAME)";
				SUPPORTED_PLATFORMS = "iphoneos iphonesimulator";
				SUPPORTS_MACCATALYST = NO;
				SUPPORTS_MAC_DESIGNED_FOR_IPHONE_IPAD = NO;
				SWIFT_EMIT_LOC_STRINGS = YES;
				SWIFT_VERSION = 5.0;
				TARGETED_DEVICE_FAMILY = 1;
			};
			name = Release;
		};
/* End XCBuildConfiguration section */

/* Begin XCConfigurationList section */
		CD1F01952ACBD1DF00AE88DA /* Build configuration list for PBXProject "GithubFollower" */ = {
			isa = XCConfigurationList;
			buildConfigurations = (
				CD1F01AC2ACBD1E000AE88DA /* Debug */,
				CD1F01AD2ACBD1E000AE88DA /* Release */,
			);
			defaultConfigurationIsVisible = 0;
			defaultConfigurationName = Release;
		};
		CD1F01AE2ACBD1E000AE88DA /* Build configuration list for PBXNativeTarget "GithubFollower" */ = {
			isa = XCConfigurationList;
			buildConfigurations = (
				CD1F01AF2ACBD1E000AE88DA /* Debug */,
				CD1F01B02ACBD1E000AE88DA /* Release */,
			);
			defaultConfigurationIsVisible = 0;
			defaultConfigurationName = Release;
		};
/* End XCConfigurationList section */
	};
	rootObject = CD1F01922ACBD1DF00AE88DA /* Project object */;
}
